
Microsoft Visual Studio Solution File, Format Version 12.00
# Visual Studio Version 17
VisualStudioVersion = 17.3.32929.385
MinimumVisualStudioVersion = 10.0.40219.1
Project("{FAE04EC0-301F-11D3-BF4B-00C04F79EFBC}") = "TimeAndAttendanceSystem.API", "TimeAndAttendanceSystem\TimeAndAttendanceSystem.API.csproj", "{89C7C2E4-149C-46BB-9F13-04F0D83DB693}"
EndProject
Project("{FAE04EC0-301F-11D3-BF4B-00C04F79EFBC}") = "TimeAndAttendanceSystem.Repositories", "TimeAndAttendanceSystem.Repositories\TimeAndAttendanceSystem.Repositories.csproj", "{459732FC-B25E-4B7D-8BC1-7684C8ABD00C}"
EndProject
Project("{FAE04EC0-301F-11D3-BF4B-00C04F79EFBC}") = "TimeAndAttendanceSystem.Models", "TimeAndAttendanceSystem.Models\TimeAndAttendanceSystem.Models.csproj", "{0BA737F2-E665-4DB4-8564-26D675DA7349}"
EndProject
Project("{FAE04EC0-301F-11D3-BF4B-00C04F79EFBC}") = "TimeAndAttendanceSystem.Services", "TimeAndAttendanceSystem.Services\TimeAndAttendanceSystem.Services.csproj", "{8E0F0CE6-7759-470B-808C-8E47B36C8CD0}"
EndProject
Project("{FAE04EC0-301F-11D3-BF4B-00C04F79EFBC}") = "TimeAndAttendanceSystem.Tests", "TimeAndAttendanceSystem.Tests\TimeAndAttendanceSystem.Tests.csproj", "{130105EE-8140-4A71-BDDC-5214AFF69A13}"
EndProject
Global
	GlobalSection(SolutionConfigurationPlatforms) = preSolution
		Debug|Any CPU = Debug|Any CPU
		Release|Any CPU = Release|Any CPU
	EndGlobalSection
	GlobalSection(ProjectConfigurationPlatforms) = postSolution
		{89C7C2E4-149C-46BB-9F13-04F0D83DB693}.Debug|Any CPU.ActiveCfg = Debug|Any CPU
		{89C7C2E4-149C-46BB-9F13-04F0D83DB693}.Debug|Any CPU.Build.0 = Debug|Any CPU
		{89C7C2E4-149C-46BB-9F13-04F0D83DB693}.Release|Any CPU.ActiveCfg = Release|Any CPU
		{89C7C2E4-149C-46BB-9F13-04F0D83DB693}.Release|Any CPU.Build.0 = Release|Any CPU
		{459732FC-B25E-4B7D-8BC1-7684C8ABD00C}.Debug|Any CPU.ActiveCfg = Debug|Any CPU
		{459732FC-B25E-4B7D-8BC1-7684C8ABD00C}.Debug|Any CPU.Build.0 = Debug|Any CPU
		{459732FC-B25E-4B7D-8BC1-7684C8ABD00C}.Release|Any CPU.ActiveCfg = Release|Any CPU
		{459732FC-B25E-4B7D-8BC1-7684C8ABD00C}.Release|Any CPU.Build.0 = Release|Any CPU
		{0BA737F2-E665-4DB4-8564-26D675DA7349}.Debug|Any CPU.ActiveCfg = Debug|Any CPU
		{0BA737F2-E665-4DB4-8564-26D675DA7349}.Debug|Any CPU.Build.0 = Debug|Any CPU
		{0BA737F2-E665-4DB4-8564-26D675DA7349}.Release|Any CPU.ActiveCfg = Release|Any CPU
		{0BA737F2-E665-4DB4-8564-26D675DA7349}.Release|Any CPU.Build.0 = Release|Any CPU
		{8E0F0CE6-7759-470B-808C-8E47B36C8CD0}.Debug|Any CPU.ActiveCfg = Debug|Any CPU
		{8E0F0CE6-7759-470B-808C-8E47B36C8CD0}.Debug|Any CPU.Build.0 = Debug|Any CPU
		{8E0F0CE6-7759-470B-808C-8E47B36C8CD0}.Release|Any CPU.ActiveCfg = Release|Any CPU
		{8E0F0CE6-7759-470B-808C-8E47B36C8CD0}.Release|Any CPU.Build.0 = Release|Any CPU
		{130105EE-8140-4A71-BDDC-5214AFF69A13}.Debug|Any CPU.ActiveCfg = Debug|Any CPU
		{130105EE-8140-4A71-BDDC-5214AFF69A13}.Debug|Any CPU.Build.0 = Debug|Any CPU
		{130105EE-8140-4A71-BDDC-5214AFF69A13}.Release|Any CPU.ActiveCfg = Release|Any CPU
		{130105EE-8140-4A71-BDDC-5214AFF69A13}.Release|Any CPU.Build.0 = Release|Any CPU
	EndGlobalSection
	GlobalSection(SolutionProperties) = preSolution
		HideSolutionNode = FALSE
	EndGlobalSection
	GlobalSection(ExtensibilityGlobals) = postSolution
		SolutionGuid = {D91EB726-4BB6-410A-A58E-07D84F27D917}
	EndGlobalSection
EndGlobal
